
Microsoft Visual Studio Solution File, Format Version 12.00
# Visual Studio Version 17
VisualStudioVersion = 17.14.36414.22 d17.14
MinimumVisualStudioVersion = 10.0.40219.1
Project("{FAE04EC0-301F-11D3-BF4B-00C04F79EFBC}") = "tiposPrimitivos", "tiposPrimitivos.csproj", "{22953583-FD97-413E-A308-B3880387EDEE}"
EndProject
Project("{FAE04EC0-301F-11D3-BF4B-00C04F79EFBC}") = "usandoVariaveis", "..\usandoVariaveis\usandoVariaveis.csproj", "{835F9638-B95E-4595-9CCD-5C9BE750B06E}"
EndProject
Project("{FAE04EC0-301F-11D3-BF4B-00C04F79EFBC}") = "contantes", "..\contantes\contantes.csproj", "{5634E4C4-6410-493F-910B-CD002292D6FD}"
EndProject
Global
	GlobalSection(SolutionConfigurationPlatforms) = preSolution
		Debug|Any CPU = Debug|Any CPU
		Release|Any CPU = Release|Any CPU
	EndGlobalSection
	GlobalSection(ProjectConfigurationPlatforms) = postSolution
		{22953583-FD97-413E-A308-B3880387EDEE}.Debug|Any CPU.ActiveCfg = Debug|Any CPU
		{22953583-FD97-413E-A308-B3880387EDEE}.Debug|Any CPU.Build.0 = Debug|Any CPU
		{22953583-FD97-413E-A308-B3880387EDEE}.Release|Any CPU.ActiveCfg = Release|Any CPU
		{22953583-FD97-413E-A308-B3880387EDEE}.Release|Any CPU.Build.0 = Release|Any CPU
		{835F9638-B95E-4595-9CCD-5C9BE750B06E}.Debug|Any CPU.ActiveCfg = Debug|Any CPU
		{835F9638-B95E-4595-9CCD-5C9BE750B06E}.Debug|Any CPU.Build.0 = Debug|Any CPU
		{835F9638-B95E-4595-9CCD-5C9BE750B06E}.Release|Any CPU.ActiveCfg = Release|Any CPU
		{835F9638-B95E-4595-9CCD-5C9BE750B06E}.Release|Any CPU.Build.0 = Release|Any CPU
		{5634E4C4-6410-493F-910B-CD002292D6FD}.Debug|Any CPU.ActiveCfg = Debug|Any CPU
		{5634E4C4-6410-493F-910B-CD002292D6FD}.Debug|Any CPU.Build.0 = Debug|Any CPU
		{5634E4C4-6410-493F-910B-CD002292D6FD}.Release|Any CPU.ActiveCfg = Release|Any CPU
		{5634E4C4-6410-493F-910B-CD002292D6FD}.Release|Any CPU.Build.0 = Release|Any CPU
	EndGlobalSection
	GlobalSection(SolutionProperties) = preSolution
		HideSolutionNode = FALSE
	EndGlobalSection
	GlobalSection(ExtensibilityGlobals) = postSolution
		SolutionGuid = {F6A7645A-A9CA-4C39-B790-90F279374733}
	EndGlobalSection
EndGlobal
