
Microsoft Visual Studio Solution File, Format Version 12.00
# Visual Studio Version 17
VisualStudioVersion = 17.14.36414.22 d17.14
MinimumVisualStudioVersion = 10.0.40219.1
Project("{FAE04EC0-301F-11D3-BF4B-00C04F79EFBC}") = "olamondo-console", "olamondo-console\olamondo-console.csproj", "{249BF3C9-5AA0-433A-87CB-FF87525716BE}"
EndProject
Global
	GlobalSection(SolutionConfigurationPlatforms) = preSolution
		Debug|Any CPU = Debug|Any CPU
		Release|Any CPU = Release|Any CPU
	EndGlobalSection
	GlobalSection(ProjectConfigurationPlatforms) = postSolution
		{249BF3C9-5AA0-433A-87CB-FF87525716BE}.Debug|Any CPU.ActiveCfg = Debug|Any CPU
		{249BF3C9-5AA0-433A-87CB-FF87525716BE}.Debug|Any CPU.Build.0 = Debug|Any CPU
		{249BF3C9-5AA0-433A-87CB-FF87525716BE}.Release|Any CPU.ActiveCfg = Release|Any CPU
		{249BF3C9-5AA0-433A-87CB-FF87525716BE}.Release|Any CPU.Build.0 = Release|Any CPU
	EndGlobalSection
	GlobalSection(SolutionProperties) = preSolution
		HideSolutionNode = FALSE
	EndGlobalSection
	GlobalSection(ExtensibilityGlobals) = postSolution
		SolutionGuid = {79525959-2A2B-4CA8-B534-F4779F57CE23}
	EndGlobalSection
EndGlobal
